
Microsoft Visual Studio Solution File, Format Version 12.00
# Visual Studio Version 17
VisualStudioVersion = 17.1.32228.430
MinimumVisualStudioVersion = 10.0.40219.1
Project("{FAE04EC0-301F-11D3-BF4B-00C04F79EFBC}") = "ElanBolmportPart2", "ElanBolmportPart2\ElanBolmportPart2.csproj", "{FA98FDEF-5B9A-477B-9A25-7FA48C593772}"
EndProject
Global
	GlobalSection(SolutionConfigurationPlatforms) = preSolution
		Debug|Any CPU = Debug|Any CPU
		Release|Any CPU = Release|Any CPU
	EndGlobalSection
	GlobalSection(ProjectConfigurationPlatforms) = postSolution
		{FA98FDEF-5B9A-477B-9A25-7FA48C593772}.Debug|Any CPU.ActiveCfg = Debug|Any CPU
		{FA98FDEF-5B9A-477B-9A25-7FA48C593772}.Debug|Any CPU.Build.0 = Debug|Any CPU
		{FA98FDEF-5B9A-477B-9A25-7FA48C593772}.Release|Any CPU.ActiveCfg = Release|Any CPU
		{FA98FDEF-5B9A-477B-9A25-7FA48C593772}.Release|Any CPU.Build.0 = Release|Any CPU
	EndGlobalSection
	GlobalSection(SolutionProperties) = preSolution
		HideSolutionNode = FALSE
	EndGlobalSection
	GlobalSection(ExtensibilityGlobals) = postSolution
		SolutionGuid = {69A25125-1E30-4371-9120-C273D422E251}
	EndGlobalSection
EndGlobal
